// !$*UTF8*$!
{
	archiveVersion = 1;
	classes = {
	};
	objectVersion = 48;
	objects = {

/* Begin PBXBuildFile section */
		960E35EA1F57879700D5BAC2 /* FocusSquare.swift in Sources */ = {isa = PBXBuildFile; fileRef = 960E35E91F57879600D5BAC2 /* FocusSquare.swift */; };
		960E35EC1F5787AA00D5BAC2 /* Utilities.swift in Sources */ = {isa = PBXBuildFile; fileRef = 960E35EB1F5787AA00D5BAC2 /* Utilities.swift */; };
		962618731F568DC20031F7D1 /* AppDelegate.swift in Sources */ = {isa = PBXBuildFile; fileRef = 962618721F568DC20031F7D1 /* AppDelegate.swift */; };
		962618751F568DC20031F7D1 /* ViewController.swift in Sources */ = {isa = PBXBuildFile; fileRef = 962618741F568DC20031F7D1 /* ViewController.swift */; };
		962618781F568DC20031F7D1 /* Main.storyboard in Resources */ = {isa = PBXBuildFile; fileRef = 962618761F568DC20031F7D1 /* Main.storyboard */; };
		9626187A1F568DC20031F7D1 /* Assets.xcassets in Resources */ = {isa = PBXBuildFile; fileRef = 962618791F568DC20031F7D1 /* Assets.xcassets */; };
		9626187D1F568DC20031F7D1 /* LaunchScreen.storyboard in Resources */ = {isa = PBXBuildFile; fileRef = 9626187B1F568DC20031F7D1 /* LaunchScreen.storyboard */; };
		962618851F5692260031F7D1 /* art.scnassets in Resources */ = {isa = PBXBuildFile; fileRef = 962618841F5692260031F7D1 /* art.scnassets */; };
		9626188A1F569FAC0031F7D1 /* AlertView.swift in Sources */ = {isa = PBXBuildFile; fileRef = 962618891F569FAC0031F7D1 /* AlertView.swift */; };
		9626188C1F5755BF0031F7D1 /* ARViewConfigure.swift in Sources */ = {isa = PBXBuildFile; fileRef = 9626188B1F5755BF0031F7D1 /* ARViewConfigure.swift */; };
		963BA30F1F58952700E188D8 /* ViewController+FaceDetection.swift in Sources */ = {isa = PBXBuildFile; fileRef = 963BA30E1F58952700E188D8 /* ViewController+FaceDetection.swift */; };
/* End PBXBuildFile section */

/* Begin PBXFileReference section */
		960E35E91F57879600D5BAC2 /* FocusSquare.swift */ = {isa = PBXFileReference; lastKnownFileType = sourcecode.swift; path = FocusSquare.swift; sourceTree = "<group>"; };
		960E35EB1F5787AA00D5BAC2 /* Utilities.swift */ = {isa = PBXFileReference; lastKnownFileType = sourcecode.swift; path = Utilities.swift; sourceTree = "<group>"; };
		9626186F1F568DC20031F7D1 /* TryARKit.app */ = {isa = PBXFileReference; explicitFileType = wrapper.application; includeInIndex = 0; path = TryARKit.app; sourceTree = BUILT_PRODUCTS_DIR; };
		962618721F568DC20031F7D1 /* AppDelegate.swift */ = {isa = PBXFileReference; lastKnownFileType = sourcecode.swift; path = AppDelegate.swift; sourceTree = "<group>"; };
		962618741F568DC20031F7D1 /* ViewController.swift */ = {isa = PBXFileReference; lastKnownFileType = sourcecode.swift; path = ViewController.swift; sourceTree = "<group>"; };
		962618771F568DC20031F7D1 /* Base */ = {isa = PBXFileReference; lastKnownFileType = file.storyboard; name = Base; path = Base.lproj/Main.storyboard; sourceTree = "<group>"; };
		962618791F568DC20031F7D1 /* Assets.xcassets */ = {isa = PBXFileReference; lastKnownFileType = folder.assetcatalog; path = Assets.xcassets; sourceTree = "<group>"; };
		9626187C1F568DC20031F7D1 /* Base */ = {isa = PBXFileReference; lastKnownFileType = file.storyboard; name = Base; path = Base.lproj/LaunchScreen.storyboard; sourceTree = "<group>"; };
		9626187E1F568DC20031F7D1 /* Info.plist */ = {isa = PBXFileReference; lastKnownFileType = text.plist.xml; path = Info.plist; sourceTree = "<group>"; };
		962618841F5692260031F7D1 /* art.scnassets */ = {isa = PBXFileReference; lastKnownFileType = wrapper.scnassets; path = art.scnassets; sourceTree = "<group>"; };
		962618891F569FAC0031F7D1 /* AlertView.swift */ = {isa = PBXFileReference; lastKnownFileType = sourcecode.swift; path = AlertView.swift; sourceTree = "<group>"; };
		9626188B1F5755BF0031F7D1 /* ARViewConfigure.swift */ = {isa = PBXFileReference; lastKnownFileType = sourcecode.swift; path = ARViewConfigure.swift; sourceTree = "<group>"; };
		963BA30E1F58952700E188D8 /* ViewController+FaceDetection.swift */ = {isa = PBXFileReference; lastKnownFileType = sourcecode.swift; path = "ViewController+FaceDetection.swift"; sourceTree = "<group>"; };
/* End PBXFileReference section */

/* Begin PBXFrameworksBuildPhase section */
		9626186C1F568DC20031F7D1 /* Frameworks */ = {
			isa = PBXFrameworksBuildPhase;
			buildActionMask = 2147483647;
			files = (
			);
			runOnlyForDeploymentPostprocessing = 0;
		};
/* End PBXFrameworksBuildPhase section */

/* Begin PBXGroup section */
		962618661F568DC20031F7D1 = {
			isa = PBXGroup;
			children = (
				962618711F568DC20031F7D1 /* TryARKit */,
				962618701F568DC20031F7D1 /* Products */,
			);
			sourceTree = "<group>";
		};
		962618701F568DC20031F7D1 /* Products */ = {
			isa = PBXGroup;
			children = (
				9626186F1F568DC20031F7D1 /* TryARKit.app */,
			);
			name = Products;
			sourceTree = "<group>";
		};
		962618711F568DC20031F7D1 /* TryARKit */ = {
			isa = PBXGroup;
			children = (
				962618721F568DC20031F7D1 /* AppDelegate.swift */,
				962618741F568DC20031F7D1 /* ViewController.swift */,
				963BA30E1F58952700E188D8 /* ViewController+FaceDetection.swift */,
				960E35EB1F5787AA00D5BAC2 /* Utilities.swift */,
				960E35E91F57879600D5BAC2 /* FocusSquare.swift */,
				962618761F568DC20031F7D1 /* Main.storyboard */,
				962618791F568DC20031F7D1 /* Assets.xcassets */,
				9626187B1F568DC20031F7D1 /* LaunchScreen.storyboard */,
				9626187E1F568DC20031F7D1 /* Info.plist */,
				962618841F5692260031F7D1 /* art.scnassets */,
				962618891F569FAC0031F7D1 /* AlertView.swift */,
				9626188B1F5755BF0031F7D1 /* ARViewConfigure.swift */,
			);
			path = TryARKit;
			sourceTree = "<group>";
		};
/* End PBXGroup section */

/* Begin PBXNativeTarget section */
		9626186E1F568DC20031F7D1 /* TryARKit */ = {
			isa = PBXNativeTarget;
			buildConfigurationList = 962618811F568DC20031F7D1 /* Build configuration list for PBXNativeTarget "TryARKit" */;
			buildPhases = (
				9626186B1F568DC20031F7D1 /* Sources */,
				9626186C1F568DC20031F7D1 /* Frameworks */,
				9626186D1F568DC20031F7D1 /* Resources */,
			);
			buildRules = (
			);
			dependencies = (
			);
			name = TryARKit;
			productName = TryARKit;
			productReference = 9626186F1F568DC20031F7D1 /* TryARKit.app */;
			productType = "com.apple.product-type.application";
		};
/* End PBXNativeTarget section */

/* Begin PBXProject section */
		962618671F568DC20031F7D1 /* Project object */ = {
			isa = PBXProject;
			attributes = {
				LastSwiftUpdateCheck = 0900;
				LastUpgradeCheck = 0900;
				ORGANIZATIONNAME = "Jason H.";
				TargetAttributes = {
					9626186E1F568DC20031F7D1 = {
						CreatedOnToolsVersion = 9.0;
						ProvisioningStyle = Automatic;
					};
				};
			};
			buildConfigurationList = 9626186A1F568DC20031F7D1 /* Build configuration list for PBXProject "TryARKit" */;
			compatibilityVersion = "Xcode 8.0";
			developmentRegion = en;
			hasScannedForEncodings = 0;
			knownRegions = (
				en,
				Base,
			);
			mainGroup = 962618661F568DC20031F7D1;
			productRefGroup = 962618701F568DC20031F7D1 /* Products */;
			projectDirPath = "";
			projectRoot = "";
			targets = (
				9626186E1F568DC20031F7D1 /* TryARKit */,
			);
		};
/* End PBXProject section */

/* Begin PBXResourcesBuildPhase section */
		9626186D1F568DC20031F7D1 /* Resources */ = {
			isa = PBXResourcesBuildPhase;
			buildActionMask = 2147483647;
			files = (
				9626187D1F568DC20031F7D1 /* LaunchScreen.storyboard in Resources */,
				962618851F5692260031F7D1 /* art.scnassets in Resources */,
				9626187A1F568DC20031F7D1 /* Assets.xcassets in Resources */,
				962618781F568DC20031F7D1 /* Main.storyboard in Resources */,
			);
			runOnlyForDeploymentPostprocessing = 0;
		};
/* End PBXResourcesBuildPhase section */

/* Begin PBXSourcesBuildPhase section */
		9626186B1F568DC20031F7D1 /* Sources */ = {
			isa = PBXSourcesBuildPhase;
			buildActionMask = 2147483647;
			files = (
				960E35EC1F5787AA00D5BAC2 /* Utilities.swift in Sources */,
				963BA30F1F58952700E188D8 /* ViewController+FaceDetection.swift in Sources */,
				962618751F568DC20031F7D1 /* ViewController.swift in Sources */,
				9626188C1F5755BF0031F7D1 /* ARViewConfigure.swift in Sources */,
				962618731F568DC20031F7D1 /* AppDelegate.swift in Sources */,
				9626188A1F569FAC0031F7D1 /* AlertView.swift in Sources */,
				960E35EA1F57879700D5BAC2 /* FocusSquare.swift in Sources */,
			);
			runOnlyForDeploymentPostprocessing = 0;
		};
/* End PBXSourcesBuildPhase section */

/* Begin PBXVariantGroup section */
		962618761F568DC20031F7D1 /* Main.storyboard */ = {
			isa = PBXVariantGroup;
			children = (
				962618771F568DC20031F7D1 /* Base */,
			);
			name = Main.storyboard;
			sourceTree = "<group>";
		};
		9626187B1F568DC20031F7D1 /* LaunchScreen.storyboard */ = {
			isa = PBXVariantGroup;
			children = (
				9626187C1F568DC20031F7D1 /* Base */,
			);
			name = LaunchScreen.storyboard;
			sourceTree = "<group>";
		};
/* End PBXVariantGroup section */

/* Begin XCBuildConfiguration section */
		9626187F1F568DC20031F7D1 /* Debug */ = {
			isa = XCBuildConfiguration;
			buildSettings = {
				ALWAYS_SEARCH_USER_PATHS = NO;
				CLANG_ANALYZER_NONNULL = YES;
				CLANG_ANALYZER_NUMBER_OBJECT_CONVERSION = YES_AGGRESSIVE;
				CLANG_CXX_LANGUAGE_STANDARD = "gnu++14";
				CLANG_CXX_LIBRARY = "libc++";
				CLANG_ENABLE_MODULES = YES;
				CLANG_ENABLE_OBJC_ARC = YES;
				CLANG_WARN_BLOCK_CAPTURE_AUTORELEASING = YES;
				CLANG_WARN_BOOL_CONVERSION = YES;
				CLANG_WARN_COMMA = YES;
				CLANG_WARN_CONSTANT_CONVERSION = YES;
				CLANG_WARN_DIRECT_OBJC_ISA_USAGE = YES_ERROR;
				CLANG_WARN_DOCUMENTATION_COMMENTS = YES;
				CLANG_WARN_EMPTY_BODY = YES;
				CLANG_WARN_ENUM_CONVERSION = YES;
				CLANG_WARN_INFINITE_RECURSION = YES;
				CLANG_WARN_INT_CONVERSION = YES;
				CLANG_WARN_NON_LITERAL_NULL_CONVERSION = YES;
				CLANG_WARN_OBJC_LITERAL_CONVERSION = YES;
				CLANG_WARN_OBJC_ROOT_CLASS = YES_ERROR;
				CLANG_WARN_RANGE_LOOP_ANALYSIS = YES;
				CLANG_WARN_STRICT_PROTOTYPES = YES;
				CLANG_WARN_SUSPICIOUS_MOVE = YES;
				CLANG_WARN_UNGUARDED_AVAILABILITY = YES_AGGRESSIVE;
				CLANG_WARN_UNREACHABLE_CODE = YES;
				CLANG_WARN__DUPLICATE_METHOD_MATCH = YES;
				CODE_SIGN_IDENTITY = "iPhone Developer";
				COPY_PHASE_STRIP = NO;
				DEBUG_INFORMATION_FORMAT = dwarf;
				ENABLE_STRICT_OBJC_MSGSEND = YES;
				ENABLE_TESTABILITY = YES;
				GCC_C_LANGUAGE_STANDARD = gnu11;
				GCC_DYNAMIC_NO_PIC = NO;
				GCC_NO_COMMON_BLOCKS = YES;
				GCC_OPTIMIZATION_LEVEL = 0;
				GCC_PREPROCESSOR_DEFINITIONS = (
					"DEBUG=1",
					"$(inherited)",
				);
				GCC_WARN_64_TO_32_BIT_CONVERSION = YES;
				GCC_WARN_ABOUT_RETURN_TYPE = YES_ERROR;
				GCC_WARN_UNDECLARED_SELECTOR = YES;
				GCC_WARN_UNINITIALIZED_AUTOS = YES_AGGRESSIVE;
				GCC_WARN_UNUSED_FUNCTION = YES;
				GCC_WARN_UNUSED_VARIABLE = YES;
				IPHONEOS_DEPLOYMENT_TARGET = 11.0;
				MTL_ENABLE_DEBUG_INFO = YES;
				ONLY_ACTIVE_ARCH = YES;
				SDKROOT = iphoneos;
				SWIFT_ACTIVE_COMPILATION_CONDITIONS = DEBUG;
				SWIFT_OPTIMIZATION_LEVEL = "-Onone";
			};
			name = Debug;
		};
		962618801F568DC20031F7D1 /* Release */ = {
			isa = XCBuildConfiguration;
			buildSettings = {
				ALWAYS_SEARCH_USER_PATHS = NO;
				CLANG_ANALYZER_NONNULL = YES;
				CLANG_ANALYZER_NUMBER_OBJECT_CONVERSION = YES_AGGRESSIVE;
				CLANG_CXX_LANGUAGE_STANDARD = "gnu++14";
				CLANG_CXX_LIBRARY = "libc++";
				CLANG_ENABLE_MODULES = YES;
				CLANG_ENABLE_OBJC_ARC = YES;
				CLANG_WARN_BLOCK_CAPTURE_AUTORELEASING = YES;
				CLANG_WARN_BOOL_CONVERSION = YES;
				CLANG_WARN_COMMA = YES;
				CLANG_WARN_CONSTANT_CONVERSION = YES;
				CLANG_WARN_DIRECT_OBJC_ISA_USAGE = YES_ERROR;
				CLANG_WARN_DOCUMENTATION_COMMENTS = YES;
				CLANG_WARN_EMPTY_BODY = YES;
				CLANG_WARN_ENUM_CONVERSION = YES;
				CLANG_WARN_INFINITE_RECURSION = YES;
				CLANG_WARN_INT_CONVERSION = YES;
				CLANG_WARN_NON_LITERAL_NULL_CONVERSION = YES;
				CLANG_WARN_OBJC_LITERAL_CONVERSION = YES;
				CLANG_WARN_OBJC_ROOT_CLASS = YES_ERROR;
				CLANG_WARN_RANGE_LOOP_ANALYSIS = YES;
				CLANG_WARN_STRICT_PROTOTYPES = YES;
				CLANG_WARN_SUSPICIOUS_MOVE = YES;
				CLANG_WARN_UNGUARDED_AVAILABILITY = YES_AGGRESSIVE;
				CLANG_WARN_UNREACHABLE_CODE = YES;
				CLANG_WARN__DUPLICATE_METHOD_MATCH = YES;
				CODE_SIGN_IDENTITY = "iPhone Developer";
				COPY_PHASE_STRIP = NO;
				DEBUG_INFORMATION_FORMAT = "dwarf-with-dsym";
				ENABLE_NS_ASSERTIONS = NO;
				ENABLE_STRICT_OBJC_MSGSEND = YES;
				GCC_C_LANGUAGE_STANDARD = gnu11;
				GCC_NO_COMMON_BLOCKS = YES;
				GCC_WARN_64_TO_32_BIT_CONVERSION = YES;
				GCC_WARN_ABOUT_RETURN_TYPE = YES_ERROR;
				GCC_WARN_UNDECLARED_SELECTOR = YES;
				GCC_WARN_UNINITIALIZED_AUTOS = YES_AGGRESSIVE;
				GCC_WARN_UNUSED_FUNCTION = YES;
				GCC_WARN_UNUSED_VARIABLE = YES;
				IPHONEOS_DEPLOYMENT_TARGET = 11.0;
				MTL_ENABLE_DEBUG_INFO = NO;
				SDKROOT = iphoneos;
				SWIFT_OPTIMIZATION_LEVEL = "-Owholemodule";
				VALIDATE_PRODUCT = YES;
			};
			name = Release;
		};
		962618821F568DC20031F7D1 /* Debug */ = {
			isa = XCBuildConfiguration;
			buildSettings = {
				ASSETCATALOG_COMPILER_APPICON_NAME = AppIcon;
				CODE_SIGN_STYLE = Automatic;
				DEVELOPMENT_TEAM = C2VVZK2VN8;
				INFOPLIST_FILE = TryARKit/Info.plist;
				LD_RUNPATH_SEARCH_PATHS = "$(inherited) @executable_path/Frameworks";
				PRODUCT_BUNDLE_IDENTIFIER = com.junchenghan.app.TryARKit;
				PRODUCT_NAME = "$(TARGET_NAME)";
				SWIFT_VERSION = 4.0;
				TARGETED_DEVICE_FAMILY = "1,2";
			};
			name = Debug;
		};
		962618831F568DC20031F7D1 /* Release */ = {
			isa = XCBuildConfiguration;
			buildSettings = {
				ASSETCATALOG_COMPILER_APPICON_NAME = AppIcon;
				CODE_SIGN_STYLE = Automatic;
				DEVELOPMENT_TEAM = C2VVZK2VN8;
				INFOPLIST_FILE = TryARKit/Info.plist;
				LD_RUNPATH_SEARCH_PATHS = "$(inherited) @executable_path/Frameworks";
				PRODUCT_BUNDLE_IDENTIFIER = com.junchenghan.app.TryARKit;
				PRODUCT_NAME = "$(TARGET_NAME)";
				SWIFT_VERSION = 4.0;
				TARGETED_DEVICE_FAMILY = "1,2";
			};
			name = Release;
		};
/* End XCBuildConfiguration section */

/* Begin XCConfigurationList section */
		9626186A1F568DC20031F7D1 /* Build configuration list for PBXProject "TryARKit" */ = {
			isa = XCConfigurationList;
			buildConfigurations = (
				9626187F1F568DC20031F7D1 /* Debug */,
				962618801F568DC20031F7D1 /* Release */,
			);
			defaultConfigurationIsVisible = 0;
			defaultConfigurationName = Release;
		};
		962618811F568DC20031F7D1 /* Build configuration list for PBXNativeTarget "TryARKit" */ = {
			isa = XCConfigurationList;
			buildConfigurations = (
				962618821F568DC20031F7D1 /* Debug */,
				962618831F568DC20031F7D1 /* Release */,
			);
			defaultConfigurationIsVisible = 0;
			defaultConfigurationName = Release;
		};
/* End XCConfigurationList section */
	};
	rootObject = 962618671F568DC20031F7D1 /* Project object */;
}
